
Microsoft Visual Studio Solution File, Format Version 12.00
# Visual Studio Version 17
VisualStudioVersion = 17.2.32526.322
MinimumVisualStudioVersion = 10.0.40219.1
Project("{8BC9CEB8-8B4A-11D0-8D11-00A0C91BC942}") = "Project8", "Project8.vcxproj", "{36079ACE-7A00-48DA-8B98-8BD92F2EFA50}"
EndProject
Global
	GlobalSection(SolutionConfigurationPlatforms) = preSolution
		Debug|x64 = Debug|x64
		Debug|x86 = Debug|x86
		Release|x64 = Release|x64
		Release|x86 = Release|x86
	EndGlobalSection
	GlobalSection(ProjectConfigurationPlatforms) = postSolution
		{36079ACE-7A00-48DA-8B98-8BD92F2EFA50}.Debug|x64.ActiveCfg = Debug|x64
		{36079ACE-7A00-48DA-8B98-8BD92F2EFA50}.Debug|x64.Build.0 = Debug|x64
		{36079ACE-7A00-48DA-8B98-8BD92F2EFA50}.Debug|x86.ActiveCfg = Debug|Win32
		{36079ACE-7A00-48DA-8B98-8BD92F2EFA50}.Debug|x86.Build.0 = Debug|Win32
		{36079ACE-7A00-48DA-8B98-8BD92F2EFA50}.Release|x64.ActiveCfg = Release|x64
		{36079ACE-7A00-48DA-8B98-8BD92F2EFA50}.Release|x64.Build.0 = Release|x64
		{36079ACE-7A00-48DA-8B98-8BD92F2EFA50}.Release|x86.ActiveCfg = Release|Win32
		{36079ACE-7A00-48DA-8B98-8BD92F2EFA50}.Release|x86.Build.0 = Release|Win32
	EndGlobalSection
	GlobalSection(SolutionProperties) = preSolution
		HideSolutionNode = FALSE
	EndGlobalSection
	GlobalSection(ExtensibilityGlobals) = postSolution
		SolutionGuid = {2AB00D51-45B2-4B17-B4DF-FCB79E8B9782}
	EndGlobalSection
EndGlobal
